
Microsoft Visual Studio Solution File, Format Version 12.00
# Visual Studio Version 17
VisualStudioVersion = 17.13.35828.75 d17.13
MinimumVisualStudioVersion = 10.0.40219.1
Project("{FAE04EC0-301F-11D3-BF4B-00C04F79EFBC}") = "XAF.MFA.Blazor.Server", "XAF.MFA\XAF.MFA.Blazor.Server\XAF.MFA.Blazor.Server.csproj", "{B86DD384-A14C-4305-955C-19D8C9F72131}"
EndProject
Project("{FAE04EC0-301F-11D3-BF4B-00C04F79EFBC}") = "XAF.MFA.Module", "XAF.MFA\XAF.MFA.Module\XAF.MFA.Module.csproj", "{4246FB52-4038-423C-9668-E387CD9C9F88}"
EndProject
Global
	GlobalSection(SolutionConfigurationPlatforms) = preSolution
		Debug|Any CPU = Debug|Any CPU
		EasyTest|Any CPU = EasyTest|Any CPU
		Release|Any CPU = Release|Any CPU
	EndGlobalSection
	GlobalSection(ProjectConfigurationPlatforms) = postSolution
		{B86DD384-A14C-4305-955C-19D8C9F72131}.Debug|Any CPU.ActiveCfg = Debug|Any CPU
		{B86DD384-A14C-4305-955C-19D8C9F72131}.Debug|Any CPU.Build.0 = Debug|Any CPU
		{B86DD384-A14C-4305-955C-19D8C9F72131}.EasyTest|Any CPU.ActiveCfg = EasyTest|Any CPU
		{B86DD384-A14C-4305-955C-19D8C9F72131}.EasyTest|Any CPU.Build.0 = EasyTest|Any CPU
		{B86DD384-A14C-4305-955C-19D8C9F72131}.Release|Any CPU.ActiveCfg = Release|Any CPU
		{B86DD384-A14C-4305-955C-19D8C9F72131}.Release|Any CPU.Build.0 = Release|Any CPU
		{4246FB52-4038-423C-9668-E387CD9C9F88}.Debug|Any CPU.ActiveCfg = Debug|Any CPU
		{4246FB52-4038-423C-9668-E387CD9C9F88}.Debug|Any CPU.Build.0 = Debug|Any CPU
		{4246FB52-4038-423C-9668-E387CD9C9F88}.EasyTest|Any CPU.ActiveCfg = EasyTest|Any CPU
		{4246FB52-4038-423C-9668-E387CD9C9F88}.EasyTest|Any CPU.Build.0 = EasyTest|Any CPU
		{4246FB52-4038-423C-9668-E387CD9C9F88}.Release|Any CPU.ActiveCfg = Release|Any CPU
		{4246FB52-4038-423C-9668-E387CD9C9F88}.Release|Any CPU.Build.0 = Release|Any CPU
	EndGlobalSection
	GlobalSection(SolutionProperties) = preSolution
		HideSolutionNode = FALSE
	EndGlobalSection
	GlobalSection(ExtensibilityGlobals) = postSolution
		SolutionGuid = {3119288B-10F5-4BA1-BB49-D744C80FADC4}
	EndGlobalSection
EndGlobal
